// !$*UTF8*$!
{
	archiveVersion = 1;
	classes = {
	};
	objectVersion = 56;
	objects = {

/* Begin PBXBuildFile section */
		A100000000000000000002000 /* SessionManager.swift in Sources */ = {isa = PBXBuildFile; fileRef = A100000000000000000001000 /* SessionManager.swift */; };
		A100000000000000000002001 /* LoginView.swift in Sources */ = {isa = PBXBuildFile; fileRef = A100000000000000000001001 /* LoginView.swift */; };
		A100000000000000000002002 /* GroupSelectionView.swift in Sources */ = {isa = PBXBuildFile; fileRef = A100000000000000000001002 /* GroupSelectionView.swift */; };
		A100000000000000000000001 /* MatchSplitterApp.swift in Sources */ = {isa = PBXBuildFile; fileRef = A100000000000000000000002 /* MatchSplitterApp.swift */; };
		A100000000000000000000003 /* ContentView.swift in Sources */ = {isa = PBXBuildFile; fileRef = A100000000000000000000004 /* ContentView.swift */; };
		A100000000000000000000005 /* DashboardView.swift in Sources */ = {isa = PBXBuildFile; fileRef = A100000000000000000000006 /* DashboardView.swift */; };
		A100000000000000000000007 /* InvoicesView.swift in Sources */ = {isa = PBXBuildFile; fileRef = A100000000000000000000008 /* InvoicesView.swift */; };
		A100000000000000000000009 /* AddInvoiceView.swift in Sources */ = {isa = PBXBuildFile; fileRef = A10000000000000000000000A /* AddInvoiceView.swift */; };
		A10000000000000000000000B /* InvoiceDetailView.swift in Sources */ = {isa = PBXBuildFile; fileRef = A10000000000000000000000C /* InvoiceDetailView.swift */; };
		A100000000000000000000013 /* ClientsView.swift in Sources */ = {isa = PBXBuildFile; fileRef = A100000000000000000000014 /* ClientsView.swift */; };
		A100000000000000000000015 /* AddClientView.swift in Sources */ = {isa = PBXBuildFile; fileRef = A100000000000000000000016 /* AddClientView.swift */; };
		A100000000000000000000017 /* ClientDetailView.swift in Sources */ = {isa = PBXBuildFile; fileRef = A100000000000000000000018 /* ClientDetailView.swift */; };
		A10000000000000000000001F /* ReportsView.swift in Sources */ = {isa = PBXBuildFile; fileRef = A100000000000000000000020 /* ReportsView.swift */; };
		A100000000000000000000021 /* CoreDataModels.swift in Sources */ = {isa = PBXBuildFile; fileRef = A100000000000000000000022 /* CoreDataModels.swift */; };
		A10000000000000000000009A /* Models.xcdatamodeld in Sources */ = {isa = PBXBuildFile; fileRef = A100000000000000000000099 /* Models.xcdatamodeld */; };
38E3D2C89D9B41AEA659448D /* GoogleSignIn in Frameworks */ = {isa = PBXBuildFile; productRef = F8778C68DF4E4FE8903144B2 /* GoogleSignIn */; };
		A76069826F0F4A98BB1C2D1B /* GoogleSignInSwift in Frameworks */ = {isa = PBXBuildFile; productRef = 771578BF873B44A7A6FA3065 /* GoogleSignInSwift */; };
DFBDFB15E156474AA35C455A /* EFQRCode in Frameworks */ = {isa = PBXBuildFile; productRef = 4276A80363C94C3186CD48C6 /* EFQRCode */; };
/* End PBXBuildFile section */

/* Begin PBXFileReference section */
		A100000000000000000001000 /* SessionManager.swift */ = {isa = PBXFileReference; lastKnownFileType = sourcecode.swift; path = SessionManager.swift; sourceTree = "<group>"; };
		A100000000000000000001001 /* LoginView.swift */ = {isa = PBXFileReference; lastKnownFileType = sourcecode.swift; path = LoginView.swift; sourceTree = "<group>"; };
		A100000000000000000001002 /* GroupSelectionView.swift */ = {isa = PBXFileReference; lastKnownFileType = sourcecode.swift; path = GroupSelectionView.swift; sourceTree = "<group>"; };
		A100000000000000000000000 /* MatchSplitter.app */ = {isa = PBXFileReference; explicitFileType = wrapper.application; includeInIndex = 0; path = MatchSplitter.app; sourceTree = BUILT_PRODUCTS_DIR; };
		A100000000000000000000002 /* MatchSplitterApp.swift */ = {isa = PBXFileReference; lastKnownFileType = sourcecode.swift; path = MatchSplitterApp.swift; sourceTree = "<group>"; };
		A100000000000000000000004 /* ContentView.swift */ = {isa = PBXFileReference; lastKnownFileType = sourcecode.swift; path = ContentView.swift; sourceTree = "<group>"; };
		A100000000000000000000006 /* DashboardView.swift */ = {isa = PBXFileReference; lastKnownFileType = sourcecode.swift; path = DashboardView.swift; sourceTree = "<group>"; };
		A100000000000000000000008 /* InvoicesView.swift */ = {isa = PBXFileReference; lastKnownFileType = sourcecode.swift; path = InvoicesView.swift; sourceTree = "<group>"; };
		A10000000000000000000000A /* AddInvoiceView.swift */ = {isa = PBXFileReference; lastKnownFileType = sourcecode.swift; path = AddInvoiceView.swift; sourceTree = "<group>"; };
		A10000000000000000000000C /* InvoiceDetailView.swift */ = {isa = PBXFileReference; lastKnownFileType = sourcecode.swift; path = InvoiceDetailView.swift; sourceTree = "<group>"; };

		A100000000000000000000014 /* ClientsView.swift */ = {isa = PBXFileReference; lastKnownFileType = sourcecode.swift; path = ClientsView.swift; sourceTree = "<group>"; };
		A100000000000000000000016 /* AddClientView.swift */ = {isa = PBXFileReference; lastKnownFileType = sourcecode.swift; path = AddClientView.swift; sourceTree = "<group>"; };
		A100000000000000000000018 /* ClientDetailView.swift */ = {isa = PBXFileReference; lastKnownFileType = sourcecode.swift; path = ClientDetailView.swift; sourceTree = "<group>"; };
		A100000000000000000000020 /* ReportsView.swift */ = {isa = PBXFileReference; lastKnownFileType = sourcecode.swift; path = ReportsView.swift; sourceTree = "<group>"; };

		A100000000000000000000022 /* CoreDataModels.swift */ = {isa = PBXFileReference; lastKnownFileType = sourcecode.swift; path = CoreDataModels.swift; sourceTree = "<group>"; };
		A100000000000000000000099 /* Models.xcdatamodeld */ = {isa = PBXFileReference; lastKnownFileType = wrapper.xcdatamodel; path = Models.xcdatamodeld; sourceTree = "<group>"; };
		A100000000000000000000030 /* Info.plist */ = {isa = PBXFileReference; lastKnownFileType = text.plist.xml; path = Info.plist; sourceTree = "<group>"; };
/* End PBXFileReference section */

/* Begin PBXFrameworksBuildPhase section */
		A100000000000000000000031 /* Frameworks */ = {
			isa = PBXFrameworksBuildPhase;
			buildActionMask = 2147483647;
			files = (
				DFBDFB15E156474AA35C455A /* EFQRCode in Frameworks */,
				38E3D2C89D9B41AEA659448D /* GoogleSignIn in Frameworks */,
				A76069826F0F4A98BB1C2D1B /* GoogleSignInSwift in Frameworks */,
			);
			runOnlyForDeploymentPostprocessing = 0;
		};
/* End PBXFrameworksBuildPhase section */

/* Begin PBXGroup section */
		A100000000000000000000032 /* */ = {
			isa = PBXGroup;
			children = (
				A100000000000000000000033 /* MatchSplitter */,
				A100000000000000000000030 /* Info.plist */,
				A100000000000000000000000 /* MatchSplitter.app */,
			);
			sourceTree = "<group>";
		};
		A100000000000000000000033 /* MatchSplitter */ = {
			isa = PBXGroup;
			children = (
				A100000000000000000001000 /* SessionManager.swift */,
				A100000000000000000000002 /* MatchSplitterApp.swift */,
				A100000000000000000000004 /* ContentView.swift */,
				A100000000000000000000022 /* CoreDataModels.swift */,
				A100000000000000000000034 /* Models */,
				A100000000000000000000035 /* Views */,
			);
			path = MatchSplitter;
			sourceTree = "<group>";
		};
		A100000000000000000000034 /* Models */ = {
			isa = PBXGroup;
			children = (
				A100000000000000000000099 /* Models.xcdatamodeld */,
			);
			path = Models;
			sourceTree = "<group>";
		};
		A100000000000000000000035 /* Views */ = {
			isa = PBXGroup;
			children = (
				A100000000000000000001001 /* LoginView.swift */,
				A100000000000000000001002 /* GroupSelectionView.swift */,
				A100000000000000000000006 /* DashboardView.swift */,
				A100000000000000000000008 /* InvoicesView.swift */,
				A10000000000000000000000A /* AddInvoiceView.swift */,
				A10000000000000000000000C /* InvoiceDetailView.swift */,
				A100000000000000000000014 /* ClientsView.swift */,
				A100000000000000000000016 /* AddClientView.swift */,
				A100000000000000000000018 /* ClientDetailView.swift */,
				A100000000000000000000020 /* ReportsView.swift */,
			);
			path = Views;
			sourceTree = "<group>";
		};
/* End PBXGroup section */

/* Begin PBXNativeTarget section */
		A100000000000000000000036 /* MatchSplitter */ = {
			isa = PBXNativeTarget;
			buildConfigurationList = A100000000000000000000037 /* Build configuration list for PBXNativeTarget "MatchSplitter" */;
			buildPhases = (
				A100000000000000000000038 /* Sources */,
				A100000000000000000000031 /* Frameworks */,
				A100000000000000000000039 /* Resources */,
			);
			buildRules = (
			);
			dependencies = (
			);
			name = MatchSplitter;
			packageProductDependencies = (
				4276A80363C94C3186CD48C6 /* EFQRCode */,
				F8778C68DF4E4FE8903144B2 /* GoogleSignIn */,
				771578BF873B44A7A6FA3065 /* GoogleSignInSwift */,
			);
			productName = MatchSplitter;
			productReference = A100000000000000000000000 /* MatchSplitter.app */;
			productType = "com.apple.product-type.application";
		};
/* End PBXNativeTarget section */

/* Begin PBXProject section */
		A10000000000000000000003A /* Project object */ = {
			isa = PBXProject;
			attributes = {
				BuildIndependentTargetsInParallel = 1;
				LastSwiftUpdateCheck = 1500;
				LastUpgradeCheck = 1500;
				TargetAttributes = {
					A100000000000000000000036 = {
						CreatedOnToolsVersion = 15.0;
					};
				};
			};
			buildConfigurationList = A10000000000000000000003B /* Build configuration list for PBXProject "MatchSplitter" */;
			compatibilityVersion = "Xcode 14.0";
			developmentRegion = en;
			hasScannedForEncodings = 0;
			knownRegions = (
				en,
				Base,
			);
			mainGroup = A100000000000000000000032 /* */;
			packageReferences = (
				4EFEEB4987194572B3C82918 /* XCRemoteSwiftPackageReference "EFQRCode" */,
				F7D0474657114E9CB599E203 /* XCRemoteSwiftPackageReference "GoogleSignIn" */,
			);
			productRefGroup = A100000000000000000000032 /* */;
			projectDirPath = "";
			projectRoot = "";
			targets = (
				A100000000000000000000036 /* MatchSplitter */,
			);
		};
/* End PBXProject section */

/* Begin PBXResourcesBuildPhase section */
		A100000000000000000000039 /* Resources */ = {
			isa = PBXResourcesBuildPhase;
			buildActionMask = 2147483647;
			files = (
			);
			runOnlyForDeploymentPostprocessing = 0;
		};
/* End PBXResourcesBuildPhase section */

/* Begin PBXSourcesBuildPhase section */
		A100000000000000000000038 /* Sources */ = {
			isa = PBXSourcesBuildPhase;
			buildActionMask = 2147483647;
			files = (
				A100000000000000000002000 /* SessionManager.swift in Sources */,
				A100000000000000000002001 /* LoginView.swift in Sources */,
				A100000000000000000002002 /* GroupSelectionView.swift in Sources */,
				A100000000000000000000001 /* MatchSplitterApp.swift in Sources */,
				A100000000000000000000003 /* ContentView.swift in Sources */,
				A100000000000000000000005 /* DashboardView.swift in Sources */,
				A100000000000000000000007 /* InvoicesView.swift in Sources */,
				A100000000000000000000009 /* AddInvoiceView.swift in Sources */,
				A10000000000000000000000B /* InvoiceDetailView.swift in Sources */,
				A100000000000000000000013 /* ClientsView.swift in Sources */,
				A100000000000000000000015 /* AddClientView.swift in Sources */,
				A100000000000000000000017 /* ClientDetailView.swift in Sources */,
				A10000000000000000000001F /* ReportsView.swift in Sources */,
				A100000000000000000000021 /* CoreDataModels.swift in Sources */,
				A10000000000000000000009A /* Models.xcdatamodeld in Sources */,
			);
			runOnlyForDeploymentPostprocessing = 0;
		};
/* End PBXSourcesBuildPhase section */

/* Begin XCRemoteSwiftPackageReference section */
		F7D0474657114E9CB599E203 /* XCRemoteSwiftPackageReference "GoogleSignIn" */ = {
			isa = XCRemoteSwiftPackageReference;
			repositoryURL = "https://github.com/google/GoogleSignIn-iOS.git";
			requirement = {
				kind = upToNextMajorVersion;
				minimumVersion = 7.1.0;
			};
		};
/* End XCRemoteSwiftPackageReference section */

/* Begin XCSwiftPackageProductDependency section */
		F8778C68DF4E4FE8903144B2 /* GoogleSignIn */ = {
			isa = XCSwiftPackageProductDependency;
			package = F7D0474657114E9CB599E203 /* XCRemoteSwiftPackageReference "GoogleSignIn" */;
			productName = GoogleSignIn;
		};
		771578BF873B44A7A6FA3065 /* GoogleSignInSwift */ = {
			isa = XCSwiftPackageProductDependency;
			package = F7D0474657114E9CB599E203 /* XCRemoteSwiftPackageReference "GoogleSignIn" */;
			productName = GoogleSignInSwift;
		};
/* End XCSwiftPackageProductDependency section */

/* Begin XCRemoteSwiftPackageReference section */
		4EFEEB4987194572B3C82918 /* XCRemoteSwiftPackageReference "EFQRCode" */ = {
			isa = XCRemoteSwiftPackageReference;
			repositoryURL = "https://github.com/EFPrefix/EFQRCode.git";
			requirement = {
				kind = upToNextMajorVersion;
				minimumVersion = 6.2.2;
			};
		};
/* End XCRemoteSwiftPackageReference section */

/* Begin XCSwiftPackageProductDependency section */
		4276A80363C94C3186CD48C6 /* EFQRCode */ = {
			isa = XCSwiftPackageProductDependency;
			package = 4EFEEB4987194572B3C82918 /* XCRemoteSwiftPackageReference "EFQRCode" */;
			productName = EFQRCode;
		};
/* End XCSwiftPackageProductDependency section */

/* Begin XCBuildConfiguration section */
		A10000000000000000000003C /* Debug */ = {
			isa = XCBuildConfiguration;
			buildSettings = {
				ALWAYS_SEARCH_USER_PATHS = NO;
				ASSETCATALOG_COMPILER_GENERATE_SWIFT_ASSET_SYMBOL_EXTENSIONS = YES;
				CLANG_ANALYZER_NONNULL = YES;
				CLANG_ANALYZER_NUMBER_OBJECT_CONVERSION = YES_AGGRESSIVE;
				CLANG_CXX_LANGUAGE_STANDARD = "gnu++20";
				CLANG_ENABLE_MODULES = YES;
				CLANG_ENABLE_OBJC_ARC = YES;
				CLANG_ENABLE_OBJC_WEAK = YES;
				CLANG_WARN_BLOCK_CAPTURE_AUTORELEASING = YES;
				CLANG_WARN_BOOL_CONVERSION = YES;
				CLANG_WARN_COMMA = YES;
				CLANG_WARN_CONSTANT_CONVERSION = YES;
				CLANG_WARN_DEPRECATED_OBJC_IMPLEMENTATIONS = YES;
				CLANG_WARN_DIRECT_OBJC_ISA_USAGE = YES_ERROR;
				CLANG_WARN_DOCUMENTATION_COMMENTS = YES;
				CLANG_WARN_EMPTY_BODY = YES;
				CLANG_WARN_ENUM_CONVERSION = YES;
				CLANG_WARN_INFINITE_RECURSION = YES;
				CLANG_WARN_INT_CONVERSION = YES;
				CLANG_WARN_NON_LITERAL_NULL_CONVERSION = YES;
				CLANG_WARN_OBJC_IMPLICIT_RETAIN_SELF = YES;
				CLANG_WARN_OBJC_LITERAL_CONVERSION = YES;
				CLANG_WARN_OBJC_ROOT_CLASS = YES_ERROR;
				CLANG_WARN_QUOTED_INCLUDE_IN_FRAMEWORK_HEADER = YES;
				CLANG_WARN_RANGE_LOOP_ANALYSIS = YES;
				CLANG_WARN_STRICT_PROTOTYPES = YES;
				CLANG_WARN_SUSPICIOUS_MOVE = YES;
				CLANG_WARN_UNGUARDED_AVAILABILITY = YES_AGGRESSIVE;
				CLANG_WARN_UNREACHABLE_CODE = YES;
				CLANG_WARN__DUPLICATE_METHOD_MATCH = YES;
				COPY_PHASE_STRIP = NO;
				DEBUG_INFORMATION_FORMAT = "dwarf-with-dsym";
				ENABLE_STRICT_OBJC_MSGSEND = YES;
				ENABLE_TESTABILITY = YES;
				ENABLE_USER_SCRIPT_SANDBOXING = YES;
				GCC_C_LANGUAGE_STANDARD = gnu17;
				GCC_DYNAMIC_NO_PIC = NO;
				GCC_NO_COMMON_BLOCKS = YES;
				GCC_OPTIMIZATION_LEVEL = 0;
				GCC_PREPROCESSOR_DEFINITIONS = (
					"DEBUG=1",
					"$(inherited)",
				);
				GCC_WARN_64_TO_32_BIT_CONVERSION = YES;
				GCC_WARN_ABOUT_RETURN_TYPE = YES_ERROR;
				GCC_WARN_UNDECLARED_SELECTOR = YES;
				GCC_WARN_UNINITIALIZED_AUTOS = YES_AGGRESSIVE;
				GCC_WARN_UNUSED_FUNCTION = YES;
				GCC_WARN_UNUSED_VARIABLE = YES;
				IPHONEOS_DEPLOYMENT_TARGET = 15.0;
				LOCALIZATION_PREFERS_STRING_CATALOGS = YES;
				MTL_ENABLE_DEBUG_INFO = INCLUDE_SOURCE;
				MTL_FAST_MATH = YES;
				ONLY_ACTIVE_ARCH = YES;
				SDKROOT = iphoneos;
				SWIFT_ACTIVE_COMPILATION_CONDITIONS = "DEBUG $(inherited)";
				SWIFT_OPTIMIZATION_LEVEL = "-Onone";
			};
			name = Debug;
		};
		A10000000000000000000003D /* Release */ = {
			isa = XCBuildConfiguration;
			buildSettings = {
				ALWAYS_SEARCH_USER_PATHS = NO;
				ASSETCATALOG_COMPILER_GENERATE_SWIFT_ASSET_SYMBOL_EXTENSIONS = YES;
				CLANG_ANALYZER_NONNULL = YES;
				CLANG_ANALYZER_NUMBER_OBJECT_CONVERSION = YES_AGGRESSIVE;
				CLANG_CXX_LANGUAGE_STANDARD = "gnu++20";
				CLANG_ENABLE_MODULES = YES;
				CLANG_ENABLE_OBJC_ARC = YES;
				CLANG_ENABLE_OBJC_WEAK = YES;
				CLANG_WARN_BLOCK_CAPTURE_AUTORELEASING = YES;
				CLANG_WARN_BOOL_CONVERSION = YES;
				CLANG_WARN_COMMA = YES;
				CLANG_WARN_CONSTANT_CONVERSION = YES;
				CLANG_WARN_DEPRECATED_OBJC_IMPLEMENTATIONS = YES;
				CLANG_WARN_DIRECT_OBJC_ISA_USAGE = YES_ERROR;
				CLANG_WARN_DOCUMENTATION_COMMENTS = YES;
				CLANG_WARN_EMPTY_BODY = YES;
				CLANG_WARN_ENUM_CONVERSION = YES;
				CLANG_WARN_INFINITE_RECURSION = YES;
				CLANG_WARN_INT_CONVERSION = YES;
				CLANG_WARN_NON_LITERAL_NULL_CONVERSION = YES;
				CLANG_WARN_OBJC_IMPLICIT_RETAIN_SELF = YES;
				CLANG_WARN_OBJC_LITERAL_CONVERSION = YES;
				CLANG_WARN_OBJC_ROOT_CLASS = YES_ERROR;
				CLANG_WARN_QUOTED_INCLUDE_IN_FRAMEWORK_HEADER = YES;
				CLANG_WARN_RANGE_LOOP_ANALYSIS = YES;
				CLANG_WARN_STRICT_PROTOTYPES = YES;
				CLANG_WARN_SUSPICIOUS_MOVE = YES;
				CLANG_WARN_UNGUARDED_AVAILABILITY = YES_AGGRESSIVE;
				CLANG_WARN_UNREACHABLE_CODE = YES;
				CLANG_WARN__DUPLICATE_METHOD_MATCH = YES;
				COPY_PHASE_STRIP = NO;
				DEBUG_INFORMATION_FORMAT = "dwarf-with-dsym";
				ENABLE_NS_ASSERTIONS = NO;
				ENABLE_STRICT_OBJC_MSGSEND = YES;
				ENABLE_USER_SCRIPT_SANDBOXING = YES;
				GCC_C_LANGUAGE_STANDARD = gnu17;
				GCC_NO_COMMON_BLOCKS = YES;
				GCC_WARN_64_TO_32_BIT_CONVERSION = YES;
				GCC_WARN_ABOUT_RETURN_TYPE = YES_ERROR;
				GCC_WARN_UNDECLARED_SELECTOR = YES;
				GCC_WARN_UNINITIALIZED_AUTOS = YES_AGGRESSIVE;
				GCC_WARN_UNUSED_FUNCTION = YES;
				GCC_WARN_UNUSED_VARIABLE = YES;
				IPHONEOS_DEPLOYMENT_TARGET = 15.0;
				LOCALIZATION_PREFERS_STRING_CATALOGS = YES;
				MTL_ENABLE_DEBUG_INFO = NO;
				MTL_FAST_MATH = YES;
				SDKROOT = iphoneos;
				SWIFT_COMPILATION_MODE = wholemodule;
				VALIDATE_PRODUCT = YES;
			};
			name = Release;
		};
		A10000000000000000000003E /* Debug */ = {
			isa = XCBuildConfiguration;
			buildSettings = {
				ASSETCATALOG_COMPILER_APPICON_NAME = AppIcon;
				ASSETCATALOG_COMPILER_GLOBAL_ACCENT_COLOR_NAME = AccentColor;
				CODE_SIGN_STYLE = Automatic;
				CURRENT_PROJECT_VERSION = 1;
				DEVELOPMENT_TEAM = "";
				GENERATE_INFOPLIST_FILE = NO;
				INFOPLIST_FILE = Info.plist;
				INFOPLIST_KEY_UIApplicationSceneManifest_Generation = YES;
				INFOPLIST_KEY_UIApplicationSupportsIndirectInputEvents = YES;
				INFOPLIST_KEY_UILaunchScreen_Generation = YES;
				INFOPLIST_KEY_UISupportedInterfaceOrientations = "UIInterfaceOrientationPortrait UIInterfaceOrientationLandscapeLeft UIInterfaceOrientationLandscapeRight";
				INFOPLIST_KEY_UISupportedInterfaceOrientations_iPad = "UIInterfaceOrientationPortrait UIInterfaceOrientationPortraitUpsideDown UIInterfaceOrientationLandscapeLeft UIInterfaceOrientationLandscapeRight";
				IPHONEOS_DEPLOYMENT_TARGET = 15.0;
				LD_RUNPATH_SEARCH_PATHS = (
					"$(inherited)",
					"@executable_path/Frameworks",
				);
				MARKETING_VERSION = 1.0;
				PRODUCT_BUNDLE_IDENTIFIER = com.matchsplitter.app;
				PRODUCT_NAME = "$(TARGET_NAME)";
				SWIFT_EMIT_LOC_STRINGS = YES;
				SWIFT_VERSION = 5.0;
				TARGETED_DEVICE_FAMILY = "1,2";
			};
			name = Debug;
		};
		A10000000000000000000003F /* Release */ = {
			isa = XCBuildConfiguration;
			buildSettings = {
				ASSETCATALOG_COMPILER_APPICON_NAME = AppIcon;
				ASSETCATALOG_COMPILER_GLOBAL_ACCENT_COLOR_NAME = AccentColor;
				CODE_SIGN_STYLE = Automatic;
				CURRENT_PROJECT_VERSION = 1;
				DEVELOPMENT_TEAM = "";
				GENERATE_INFOPLIST_FILE = NO;
				INFOPLIST_FILE = Info.plist;
				INFOPLIST_KEY_UIApplicationSceneManifest_Generation = YES;
				INFOPLIST_KEY_UIApplicationSupportsIndirectInputEvents = YES;
				INFOPLIST_KEY_UILaunchScreen_Generation = YES;
				INFOPLIST_KEY_UISupportedInterfaceOrientations = "UIInterfaceOrientationPortrait UIInterfaceOrientationLandscapeLeft UIInterfaceOrientationLandscapeRight";
				INFOPLIST_KEY_UISupportedInterfaceOrientations_iPad = "UIInterfaceOrientationPortrait UIInterfaceOrientationPortraitUpsideDown UIInterfaceOrientationLandscapeLeft UIInterfaceOrientationLandscapeRight";
				IPHONEOS_DEPLOYMENT_TARGET = 15.0;
				LD_RUNPATH_SEARCH_PATHS = (
					"$(inherited)",
					"@executable_path/Frameworks",
				);
				MARKETING_VERSION = 1.0;
				PRODUCT_BUNDLE_IDENTIFIER = com.matchsplitter.app;
				PRODUCT_NAME = "$(TARGET_NAME)";
				SWIFT_EMIT_LOC_STRINGS = YES;
				SWIFT_VERSION = 5.0;
				TARGETED_DEVICE_FAMILY = "1,2";
			};
			name = Release;
		};
/* End XCBuildConfiguration section */

/* Begin XCConfigurationList section */
		A10000000000000000000003B /* Build configuration list for PBXProject "MatchSplitter" */ = {
			isa = XCConfigurationList;
			buildConfigurations = (
				A10000000000000000000003C /* Debug */,
				A10000000000000000000003D /* Release */,
			);
			defaultConfigurationIsVisible = 0;
			defaultConfigurationName = Release;
		};
		A100000000000000000000037 /* Build configuration list for PBXNativeTarget "MatchSplitter" */ = {
			isa = XCConfigurationList;
			buildConfigurations = (
				A10000000000000000000003E /* Debug */,
				A10000000000000000000003F /* Release */,
			);
			defaultConfigurationIsVisible = 0;
			defaultConfigurationName = Release;
		};
/* End XCConfigurationList section */
	};
	rootObject = A10000000000000000000003A /* Project object */;
}